
Microsoft Visual Studio Solution File, Format Version 12.00
# Visual Studio Version 16
VisualStudioVersion = 16.0.30611.23
MinimumVisualStudioVersion = 10.0.40219.1
Project("{FAE04EC0-301F-11D3-BF4B-00C04F79EFBC}") = "GP.Console", "GP.Console\GP.Console.csproj", "{874327E7-14B3-494D-8567-5500067E431A}"
EndProject
Project("{FAE04EC0-301F-11D3-BF4B-00C04F79EFBC}") = "GP.Domain", "GP.Domain\GP.Domain.csproj", "{CA86AA70-3291-43AA-BC38-9E5DDAA5F0FB}"
EndProject
Global
	GlobalSection(SolutionConfigurationPlatforms) = preSolution
		Debug|Any CPU = Debug|Any CPU
		Release|Any CPU = Release|Any CPU
	EndGlobalSection
	GlobalSection(ProjectConfigurationPlatforms) = postSolution
		{874327E7-14B3-494D-8567-5500067E431A}.Debug|Any CPU.ActiveCfg = Debug|Any CPU
		{874327E7-14B3-494D-8567-5500067E431A}.Debug|Any CPU.Build.0 = Debug|Any CPU
		{874327E7-14B3-494D-8567-5500067E431A}.Release|Any CPU.ActiveCfg = Release|Any CPU
		{874327E7-14B3-494D-8567-5500067E431A}.Release|Any CPU.Build.0 = Release|Any CPU
		{CA86AA70-3291-43AA-BC38-9E5DDAA5F0FB}.Debug|Any CPU.ActiveCfg = Debug|Any CPU
		{CA86AA70-3291-43AA-BC38-9E5DDAA5F0FB}.Debug|Any CPU.Build.0 = Debug|Any CPU
		{CA86AA70-3291-43AA-BC38-9E5DDAA5F0FB}.Release|Any CPU.ActiveCfg = Release|Any CPU
		{CA86AA70-3291-43AA-BC38-9E5DDAA5F0FB}.Release|Any CPU.Build.0 = Release|Any CPU
	EndGlobalSection
	GlobalSection(SolutionProperties) = preSolution
		HideSolutionNode = FALSE
	EndGlobalSection
	GlobalSection(ExtensibilityGlobals) = postSolution
		SolutionGuid = {1B9F38F7-37E1-4D5A-A8B5-80FFC5810EF6}
	EndGlobalSection
EndGlobal
